{
  "version": 4,
  "terraform_version": "1.3.9",
  "serial": 23,
  "lineage": "6eceb37d-b605-5395-d363-bccf1348b148",
  "outputs": {
    "public_ip_address": {
      "value": "20.212.25.104",
      "type": "string"
    }
  },
  "resources": [
    {
      "mode": "managed",
      "type": "azurerm_linux_virtual_machine",
      "name": "this",
      "provider": "provider[\"registry.terraform.io/hashicorp/azurerm\"]",
      "instances": [
        {
          "schema_version": 0,
          "attributes": {
            "additional_capabilities": [],
            "admin_password": null,
            "admin_ssh_key": [
              {
                "public_key": "ssh-rsa AAAAB3NzaC1yc2EAAAADAQABAAACAQDU3c8uKApsjWh+gzIluZaUykJGe94jKoPMlWmFiSo7he7e/EafQOZ0yYRiID5tKCgwXv6OLVOsLWk69kaXm033/4gz4uduh0E2Lxn3srR4mKmD4kPY2+3CgKLeA8tQ02s5SSMmwr+wCokDp6OJ/zcZ/+wdTzxhhO0OoqAg/D8i6pq8eVzKq1ppK4mY7jaRUz+WVkVkJPCmrV5CqajnSp5bN8RuGe4Z8emGDyoaoo8wvST99dSeXoh9RjW/NtAVbMZAAUFn4CjklQVlNjMKTXOKVm9sS+IKryybFyAeUGnnoZ15iZtn92dv+qGpVsv246SHLnZF2pJY7P+Ck7ltqRXcDHLRL7hNlJ27k4vqa/drEtptO7WEqahY8qt74tMJDz+vM/QWupXCs+mhkJ+4WaUrEw4fM36Fm1MJJuVwC68Tt4DimvdHfFH2tbi0wNafMN3nqixiBYGfWtGtyJ9uDzG9kh6apMH9DEranFvVKuhXpHEtNf4xxT0du3GGYhX32O/y4n8zR59MjmZYpUeT1HiXuaVY4T2fwSW7XGeH042kwzX0VBhyL69R+dDyI0VH0PgHx+x/PQE5jIZKzw0f75Ou6S0FVLAD0OFRCEKCbeWz0FcIcs0s824FEHMiJCeYhQGPI5bvuV6O6Xd9d35lf4nvYzlleIuHtCN1AdEN5Gmpgw== morakot@Morakots-MacBook-Air.local\n",
                "username": "adminuser"
              }
            ],
            "admin_username": "adminuser",
            "allow_extension_operations": true,
            "availability_set_id": "",
            "boot_diagnostics": [],
            "bypass_platform_safety_checks_on_user_schedule_enabled": false,
            "capacity_reservation_group_id": "",
            "computer_name": "vmjenkinsqa",
            "custom_data": null,
            "dedicated_host_group_id": "",
            "dedicated_host_id": "",
            "disable_password_authentication": true,
            "edge_zone": "",
            "encryption_at_host_enabled": false,
            "eviction_policy": "",
            "extensions_time_budget": "PT1H30M",
            "gallery_application": [],
            "id": "/subscriptions/fd37b54f-84ba-4c3d-a8aa-65304aee1db4/resourceGroups/rg-jenkins-qa-southeastasia/providers/Microsoft.Compute/virtualMachines/vm-jenkins-qa-southeastasia",
            "identity": [],
            "license_type": "",
            "location": "southeastasia",
            "max_bid_price": -1,
            "name": "vm-jenkins-qa-southeastasia",
            "network_interface_ids": [
              "/subscriptions/fd37b54f-84ba-4c3d-a8aa-65304aee1db4/resourceGroups/rg-jenkins-qa-southeastasia/providers/Microsoft.Network/networkInterfaces/nic-jenkins-qa-southeastasia"
            ],
            "os_disk": [
              {
                "caching": "ReadWrite",
                "diff_disk_settings": [],
                "disk_encryption_set_id": "",
                "disk_size_gb": 30,
                "name": "vm-jenkins-qa-southeastasia_OsDisk_1_1e732b46bc784e47b5288f7acf7c208d",
                "secure_vm_disk_encryption_set_id": "",
                "security_encryption_type": "",
                "storage_account_type": "Standard_LRS",
                "write_accelerator_enabled": false
              }
            ],
            "patch_assessment_mode": "ImageDefault",
            "patch_mode": "ImageDefault",
            "plan": [],
            "platform_fault_domain": -1,
            "priority": "Regular",
            "private_ip_address": "10.0.0.4",
            "private_ip_addresses": [
              "10.0.0.4"
            ],
            "provision_vm_agent": true,
            "proximity_placement_group_id": "",
            "public_ip_address": "20.212.25.104",
            "public_ip_addresses": [
              "20.212.25.104"
            ],
            "reboot_setting": "",
            "resource_group_name": "rg-jenkins-qa-southeastasia",
            "secret": [],
            "secure_boot_enabled": false,
            "size": "Standard_B2s",
            "source_image_id": "",
            "source_image_reference": [
              {
                "offer": "0001-com-ubuntu-server-jammy",
                "publisher": "Canonical",
                "sku": "22_04-lts",
                "version": "latest"
              }
            ],
            "tags": null,
            "termination_notification": null,
            "timeouts": null,
            "user_data": "",
            "virtual_machine_id": "a39178cc-13bb-4ac0-9fac-dd251f1e37a5",
            "virtual_machine_scale_set_id": "",
            "vtpm_enabled": false,
            "zone": ""
          },
          "sensitive_attributes": [],
          "private": "eyJlMmJmYjczMC1lY2FhLTExZTYtOGY4OC0zNDM2M2JjN2M0YzAiOnsiY3JlYXRlIjoyNzAwMDAwMDAwMDAwLCJkZWxldGUiOjI3MDAwMDAwMDAwMDAsInJlYWQiOjMwMDAwMDAwMDAwMCwidXBkYXRlIjoyNzAwMDAwMDAwMDAwfX0=",
          "dependencies": [
            "azurerm_network_interface.this",
            "azurerm_resource_group.this"
          ]
        }
      ]
    },
    {
      "mode": "managed",
      "type": "azurerm_network_interface",
      "name": "this",
      "provider": "provider[\"registry.terraform.io/hashicorp/azurerm\"]",
      "instances": [
        {
          "schema_version": 0,
          "attributes": {
            "applied_dns_servers": [],
            "auxiliary_mode": "",
            "auxiliary_sku": "",
            "dns_servers": [],
            "edge_zone": "",
            "enable_accelerated_networking": false,
            "enable_ip_forwarding": false,
            "id": "/subscriptions/fd37b54f-84ba-4c3d-a8aa-65304aee1db4/resourceGroups/rg-jenkins-qa-southeastasia/providers/Microsoft.Network/networkInterfaces/nic-jenkins-qa-southeastasia",
            "internal_dns_name_label": "",
            "internal_domain_name_suffix": "dzrns3i2yq4udbdcwrzhwjrvvc.ix.internal.cloudapp.net",
            "ip_configuration": [
              {
                "gateway_load_balancer_frontend_ip_configuration_id": "",
                "name": "internal",
                "primary": true,
                "private_ip_address": "10.0.0.4",
                "private_ip_address_allocation": "Dynamic",
                "private_ip_address_version": "IPv4",
                "public_ip_address_id": "/subscriptions/fd37b54f-84ba-4c3d-a8aa-65304aee1db4/resourceGroups/rg-jenkins-qa-southeastasia/providers/Microsoft.Network/publicIPAddresses/pip-jenkins-qa-southeastasia",
                "subnet_id": "/subscriptions/fd37b54f-84ba-4c3d-a8aa-65304aee1db4/resourceGroups/rg-jenkins-qa-southeastasia/providers/Microsoft.Network/virtualNetworks/vnet-jenkins-qa-southeastasia/subnets/snet-01"
              }
            ],
            "location": "southeastasia",
            "mac_address": "00-0D-3A-C8-B1-06",
            "name": "nic-jenkins-qa-southeastasia",
            "private_ip_address": "10.0.0.4",
            "private_ip_addresses": [
              "10.0.0.4"
            ],
            "resource_group_name": "rg-jenkins-qa-southeastasia",
            "tags": {},
            "timeouts": null,
            "virtual_machine_id": "/subscriptions/fd37b54f-84ba-4c3d-a8aa-65304aee1db4/resourceGroups/rg-jenkins-qa-southeastasia/providers/Microsoft.Compute/virtualMachines/vm-jenkins-qa-southeastasia"
          },
          "sensitive_attributes": [],
          "private": "eyJlMmJmYjczMC1lY2FhLTExZTYtOGY4OC0zNDM2M2JjN2M0YzAiOnsiY3JlYXRlIjoxODAwMDAwMDAwMDAwLCJkZWxldGUiOjE4MDAwMDAwMDAwMDAsInJlYWQiOjMwMDAwMDAwMDAwMCwidXBkYXRlIjoxODAwMDAwMDAwMDAwfX0=",
          "dependencies": [
            "azurerm_public_ip.this",
            "azurerm_resource_group.this",
            "azurerm_subnet.this",
            "azurerm_virtual_network.this"
          ]
        }
      ]
    },
    {
      "mode": "managed",
      "type": "azurerm_public_ip",
      "name": "this",
      "provider": "provider[\"registry.terraform.io/hashicorp/azurerm\"]",
      "instances": [
        {
          "schema_version": 0,
          "attributes": {
            "allocation_method": "Static",
            "ddos_protection_mode": "VirtualNetworkInherited",
            "ddos_protection_plan_id": null,
            "domain_name_label": null,
            "edge_zone": "",
            "fqdn": null,
            "id": "/subscriptions/fd37b54f-84ba-4c3d-a8aa-65304aee1db4/resourceGroups/rg-jenkins-qa-southeastasia/providers/Microsoft.Network/publicIPAddresses/pip-jenkins-qa-southeastasia",
            "idle_timeout_in_minutes": 4,
            "ip_address": "20.212.25.104",
            "ip_tags": {},
            "ip_version": "IPv4",
            "location": "southeastasia",
            "name": "pip-jenkins-qa-southeastasia",
            "public_ip_prefix_id": null,
            "resource_group_name": "rg-jenkins-qa-southeastasia",
            "reverse_fqdn": null,
            "sku": "Basic",
            "sku_tier": "Regional",
            "tags": {},
            "timeouts": null,
            "zones": []
          },
          "sensitive_attributes": [],
          "private": "eyJlMmJmYjczMC1lY2FhLTExZTYtOGY4OC0zNDM2M2JjN2M0YzAiOnsiY3JlYXRlIjoxODAwMDAwMDAwMDAwLCJkZWxldGUiOjE4MDAwMDAwMDAwMDAsInJlYWQiOjMwMDAwMDAwMDAwMCwidXBkYXRlIjoxODAwMDAwMDAwMDAwfX0=",
          "dependencies": [
            "azurerm_resource_group.this"
          ]
        }
      ]
    },
    {
      "mode": "managed",
      "type": "azurerm_resource_group",
      "name": "this",
      "provider": "provider[\"registry.terraform.io/hashicorp/azurerm\"]",
      "instances": [
        {
          "schema_version": 0,
          "attributes": {
            "id": "/subscriptions/fd37b54f-84ba-4c3d-a8aa-65304aee1db4/resourceGroups/rg-jenkins-qa-southeastasia",
            "location": "southeastasia",
            "managed_by": "",
            "name": "rg-jenkins-qa-southeastasia",
            "tags": {},
            "timeouts": null
          },
          "sensitive_attributes": [],
          "private": "eyJlMmJmYjczMC1lY2FhLTExZTYtOGY4OC0zNDM2M2JjN2M0YzAiOnsiY3JlYXRlIjo1NDAwMDAwMDAwMDAwLCJkZWxldGUiOjU0MDAwMDAwMDAwMDAsInJlYWQiOjMwMDAwMDAwMDAwMCwidXBkYXRlIjo1NDAwMDAwMDAwMDAwfX0="
        }
      ]
    },
    {
      "mode": "managed",
      "type": "azurerm_subnet",
      "name": "this",
      "provider": "provider[\"registry.terraform.io/hashicorp/azurerm\"]",
      "instances": [
        {
          "schema_version": 0,
          "attributes": {
            "address_prefixes": [
              "10.0.0.0/24"
            ],
            "delegation": [],
            "enforce_private_link_endpoint_network_policies": false,
            "enforce_private_link_service_network_policies": false,
            "id": "/subscriptions/fd37b54f-84ba-4c3d-a8aa-65304aee1db4/resourceGroups/rg-jenkins-qa-southeastasia/providers/Microsoft.Network/virtualNetworks/vnet-jenkins-qa-southeastasia/subnets/snet-01",
            "name": "snet-01",
            "private_endpoint_network_policies_enabled": true,
            "private_link_service_network_policies_enabled": true,
            "resource_group_name": "rg-jenkins-qa-southeastasia",
            "service_endpoint_policy_ids": [],
            "service_endpoints": [],
            "timeouts": null,
            "virtual_network_name": "vnet-jenkins-qa-southeastasia"
          },
          "sensitive_attributes": [],
          "private": "eyJlMmJmYjczMC1lY2FhLTExZTYtOGY4OC0zNDM2M2JjN2M0YzAiOnsiY3JlYXRlIjoxODAwMDAwMDAwMDAwLCJkZWxldGUiOjE4MDAwMDAwMDAwMDAsInJlYWQiOjMwMDAwMDAwMDAwMCwidXBkYXRlIjoxODAwMDAwMDAwMDAwfX0=",
          "dependencies": [
            "azurerm_resource_group.this",
            "azurerm_virtual_network.this"
          ]
        }
      ]
    },
    {
      "mode": "managed",
      "type": "azurerm_virtual_network",
      "name": "this",
      "provider": "provider[\"registry.terraform.io/hashicorp/azurerm\"]",
      "instances": [
        {
          "schema_version": 0,
          "attributes": {
            "address_space": [
              "10.0.0.0/24"
            ],
            "bgp_community": "",
            "ddos_protection_plan": [],
            "dns_servers": [],
            "edge_zone": "",
            "encryption": [],
            "flow_timeout_in_minutes": 0,
            "guid": "75d9621e-c41c-413d-8462-b4727b2635aa",
            "id": "/subscriptions/fd37b54f-84ba-4c3d-a8aa-65304aee1db4/resourceGroups/rg-jenkins-qa-southeastasia/providers/Microsoft.Network/virtualNetworks/vnet-jenkins-qa-southeastasia",
            "location": "southeastasia",
            "name": "vnet-jenkins-qa-southeastasia",
            "resource_group_name": "rg-jenkins-qa-southeastasia",
            "subnet": [
              {
                "address_prefix": "10.0.0.0/24",
                "id": "/subscriptions/fd37b54f-84ba-4c3d-a8aa-65304aee1db4/resourceGroups/rg-jenkins-qa-southeastasia/providers/Microsoft.Network/virtualNetworks/vnet-jenkins-qa-southeastasia/subnets/snet-01",
                "name": "snet-01",
                "security_group": ""
              }
            ],
            "tags": {},
            "timeouts": null
          },
          "sensitive_attributes": [],
          "private": "eyJlMmJmYjczMC1lY2FhLTExZTYtOGY4OC0zNDM2M2JjN2M0YzAiOnsiY3JlYXRlIjoxODAwMDAwMDAwMDAwLCJkZWxldGUiOjE4MDAwMDAwMDAwMDAsInJlYWQiOjMwMDAwMDAwMDAwMCwidXBkYXRlIjoxODAwMDAwMDAwMDAwfX0=",
          "dependencies": [
            "azurerm_resource_group.this"
          ]
        }
      ]
    }
  ],
  "check_results": null
}
